
Microsoft Visual Studio Solution File, Format Version 12.00
# Visual Studio Version 16
VisualStudioVersion = 16.0.30717.126
MinimumVisualStudioVersion = 10.0.40219.1
Project("{9A19103F-16F7-4668-BE54-9A1E7A4F7556}") = "Proftaak", "Proftaak.csproj", "{AAA91030-9F13-4933-A868-49866A2BA466}"
EndProject
Project("{FAE04EC0-301F-11D3-BF4B-00C04F79EFBC}") = "DAL", "..\DAL\DAL.csproj", "{34395BA5-0AEF-4B55-ACDA-08C22E8B9BE8}"
EndProject
Project("{FAE04EC0-301F-11D3-BF4B-00C04F79EFBC}") = "Logic", "..\Logic\Logic.csproj", "{9EB9ACF5-E07A-4D58-B255-968FF9E8A47F}"
EndProject
Global
	GlobalSection(SolutionConfigurationPlatforms) = preSolution
		Debug|Any CPU = Debug|Any CPU
		Release|Any CPU = Release|Any CPU
	EndGlobalSection
	GlobalSection(ProjectConfigurationPlatforms) = postSolution
		{AAA91030-9F13-4933-A868-49866A2BA466}.Debug|Any CPU.ActiveCfg = Debug|Any CPU
		{AAA91030-9F13-4933-A868-49866A2BA466}.Debug|Any CPU.Build.0 = Debug|Any CPU
		{AAA91030-9F13-4933-A868-49866A2BA466}.Release|Any CPU.ActiveCfg = Release|Any CPU
		{AAA91030-9F13-4933-A868-49866A2BA466}.Release|Any CPU.Build.0 = Release|Any CPU
		{34395BA5-0AEF-4B55-ACDA-08C22E8B9BE8}.Debug|Any CPU.ActiveCfg = Debug|Any CPU
		{34395BA5-0AEF-4B55-ACDA-08C22E8B9BE8}.Debug|Any CPU.Build.0 = Debug|Any CPU
		{34395BA5-0AEF-4B55-ACDA-08C22E8B9BE8}.Release|Any CPU.ActiveCfg = Release|Any CPU
		{34395BA5-0AEF-4B55-ACDA-08C22E8B9BE8}.Release|Any CPU.Build.0 = Release|Any CPU
		{9EB9ACF5-E07A-4D58-B255-968FF9E8A47F}.Debug|Any CPU.ActiveCfg = Debug|Any CPU
		{9EB9ACF5-E07A-4D58-B255-968FF9E8A47F}.Debug|Any CPU.Build.0 = Debug|Any CPU
		{9EB9ACF5-E07A-4D58-B255-968FF9E8A47F}.Release|Any CPU.ActiveCfg = Release|Any CPU
		{9EB9ACF5-E07A-4D58-B255-968FF9E8A47F}.Release|Any CPU.Build.0 = Release|Any CPU
	EndGlobalSection
	GlobalSection(SolutionProperties) = preSolution
		HideSolutionNode = FALSE
	EndGlobalSection
	GlobalSection(ExtensibilityGlobals) = postSolution
		SolutionGuid = {3CF0BC4F-6296-41B8-9664-793D044AA60E}
	EndGlobalSection
EndGlobal
